
Microsoft Visual Studio Solution File, Format Version 12.00
# Visual Studio Version 17
VisualStudioVersion = 17.0.31903.59
MinimumVisualStudioVersion = 10.0.40219.1
Project("{9A19103F-16F7-4668-BE54-9A1E7A4F7556}") = "Application", "src\Application\Application.csproj", "{34C0FACD-F3D9-400C-8945-554DD6B0819A}"
EndProject
Project("{2150E333-8FDC-42A3-9474-1A3956D46DE8}") = "src", "src", "{6ED356A7-8B47-4613-AD01-C85CF28491BD}"
EndProject
Project("{9A19103F-16F7-4668-BE54-9A1E7A4F7556}") = "Api", "src\Api\Api.csproj", "{22454EE9-16B3-4B7A-8352-37E59B858155}"
EndProject
Project("{2150E333-8FDC-42A3-9474-1A3956D46DE8}") = "Solution Items", "Solution Items", "{2AEA8A2A-E82B-4825-9834-9BA620249128}"
	ProjectSection(SolutionItems) = preProject
		README.md = README.md
	EndProjectSection
EndProject
Project("{2150E333-8FDC-42A3-9474-1A3956D46DE8}") = "tests", "tests", "{5F44F0AC-5482-4A73-9CAE-6A550E23B510}"
EndProject
Project("{9A19103F-16F7-4668-BE54-9A1E7A4F7556}") = "Application.UnitTests", "tests\Application.UnitTests\Application.UnitTests.csproj", "{24BF57AE-47C4-4065-BAB0-72ACB562D22E}"
EndProject
Project("{9A19103F-16F7-4668-BE54-9A1E7A4F7556}") = "RabbitMqProvider", "src\RabbitMqProvider\RabbitMqProvider.csproj", "{6CA46D93-8544-4C3D-B07F-85A191CB4E59}"
EndProject
Project("{9A19103F-16F7-4668-BE54-9A1E7A4F7556}") = "RabbitMqProvider.UnitTest", "tests\RabbitMqProvider.UnitTest\RabbitMqProvider.UnitTest.csproj", "{32C6E297-22F7-4443-8F30-2CF090640344}"
EndProject
Project("{9A19103F-16F7-4668-BE54-9A1E7A4F7556}") = "HttpWorker", "src\HttpWorker\HttpWorker.csproj", "{548C11BC-E75C-4357-B405-1022A9C20AE9}"
EndProject
Project("{9A19103F-16F7-4668-BE54-9A1E7A4F7556}") = "HttpServiceProvider", "src\HttpServiceProvider\HttpServiceProvider.csproj", "{5685B6FB-F15A-48C8-BACE-9804745B3527}"
EndProject
Project("{9A19103F-16F7-4668-BE54-9A1E7A4F7556}") = "ShareCommon", "src\ShareCommon\ShareCommon.csproj", "{B8BB2179-7875-4395-B7D7-E7F475D879B4}"
EndProject
Project("{9A19103F-16F7-4668-BE54-9A1E7A4F7556}") = "MediatRGenericFactory", "src\MediatRGenericFactory\MediatRGenericFactory.csproj", "{5A587DAC-D3D2-48A6-BDCD-9FD868153975}"
EndProject
Project("{FAE04EC0-301F-11D3-BF4B-00C04F79EFBC}") = "BrokerProviderContract", "src\BrokerProviderContract\BrokerProviderContract.csproj", "{B767501C-9D1F-412C-9588-42E28B5A4C1E}"
EndProject
Project("{FAE04EC0-301F-11D3-BF4B-00C04F79EFBC}") = "AzureServiceBusProvider", "src\AzureServiceBusProvider\AzureServiceBusProvider.csproj", "{226BC248-D678-4135-AC75-F605CF254B40}"
EndProject
Project("{FAE04EC0-301F-11D3-BF4B-00C04F79EFBC}") = "AzureServiceBusProviderTest", "tests\AzureServiceBusProviderTest\AzureServiceBusProviderTest.csproj", "{0DF157E4-893B-4BAA-A294-CAFE16205E2E}"
EndProject
Global
	GlobalSection(SolutionConfigurationPlatforms) = preSolution
		Debug|Any CPU = Debug|Any CPU
		Release|Any CPU = Release|Any CPU
	EndGlobalSection
	GlobalSection(ProjectConfigurationPlatforms) = postSolution
		{34C0FACD-F3D9-400C-8945-554DD6B0819A}.Debug|Any CPU.ActiveCfg = Debug|Any CPU
		{34C0FACD-F3D9-400C-8945-554DD6B0819A}.Debug|Any CPU.Build.0 = Debug|Any CPU
		{34C0FACD-F3D9-400C-8945-554DD6B0819A}.Release|Any CPU.ActiveCfg = Release|Any CPU
		{34C0FACD-F3D9-400C-8945-554DD6B0819A}.Release|Any CPU.Build.0 = Release|Any CPU
		{22454EE9-16B3-4B7A-8352-37E59B858155}.Debug|Any CPU.ActiveCfg = Debug|Any CPU
		{22454EE9-16B3-4B7A-8352-37E59B858155}.Debug|Any CPU.Build.0 = Debug|Any CPU
		{22454EE9-16B3-4B7A-8352-37E59B858155}.Release|Any CPU.ActiveCfg = Release|Any CPU
		{22454EE9-16B3-4B7A-8352-37E59B858155}.Release|Any CPU.Build.0 = Release|Any CPU
		{24BF57AE-47C4-4065-BAB0-72ACB562D22E}.Debug|Any CPU.ActiveCfg = Debug|Any CPU
		{24BF57AE-47C4-4065-BAB0-72ACB562D22E}.Debug|Any CPU.Build.0 = Debug|Any CPU
		{24BF57AE-47C4-4065-BAB0-72ACB562D22E}.Release|Any CPU.ActiveCfg = Release|Any CPU
		{24BF57AE-47C4-4065-BAB0-72ACB562D22E}.Release|Any CPU.Build.0 = Release|Any CPU
		{6CA46D93-8544-4C3D-B07F-85A191CB4E59}.Debug|Any CPU.ActiveCfg = Debug|Any CPU
		{6CA46D93-8544-4C3D-B07F-85A191CB4E59}.Debug|Any CPU.Build.0 = Debug|Any CPU
		{6CA46D93-8544-4C3D-B07F-85A191CB4E59}.Release|Any CPU.ActiveCfg = Release|Any CPU
		{6CA46D93-8544-4C3D-B07F-85A191CB4E59}.Release|Any CPU.Build.0 = Release|Any CPU
		{32C6E297-22F7-4443-8F30-2CF090640344}.Debug|Any CPU.ActiveCfg = Debug|Any CPU
		{32C6E297-22F7-4443-8F30-2CF090640344}.Debug|Any CPU.Build.0 = Debug|Any CPU
		{32C6E297-22F7-4443-8F30-2CF090640344}.Release|Any CPU.ActiveCfg = Release|Any CPU
		{32C6E297-22F7-4443-8F30-2CF090640344}.Release|Any CPU.Build.0 = Release|Any CPU
		{548C11BC-E75C-4357-B405-1022A9C20AE9}.Debug|Any CPU.ActiveCfg = Debug|Any CPU
		{548C11BC-E75C-4357-B405-1022A9C20AE9}.Debug|Any CPU.Build.0 = Debug|Any CPU
		{548C11BC-E75C-4357-B405-1022A9C20AE9}.Release|Any CPU.ActiveCfg = Release|Any CPU
		{548C11BC-E75C-4357-B405-1022A9C20AE9}.Release|Any CPU.Build.0 = Release|Any CPU
		{5685B6FB-F15A-48C8-BACE-9804745B3527}.Debug|Any CPU.ActiveCfg = Debug|Any CPU
		{5685B6FB-F15A-48C8-BACE-9804745B3527}.Debug|Any CPU.Build.0 = Debug|Any CPU
		{5685B6FB-F15A-48C8-BACE-9804745B3527}.Release|Any CPU.ActiveCfg = Release|Any CPU
		{5685B6FB-F15A-48C8-BACE-9804745B3527}.Release|Any CPU.Build.0 = Release|Any CPU
		{B8BB2179-7875-4395-B7D7-E7F475D879B4}.Debug|Any CPU.ActiveCfg = Debug|Any CPU
		{B8BB2179-7875-4395-B7D7-E7F475D879B4}.Debug|Any CPU.Build.0 = Debug|Any CPU
		{B8BB2179-7875-4395-B7D7-E7F475D879B4}.Release|Any CPU.ActiveCfg = Release|Any CPU
		{B8BB2179-7875-4395-B7D7-E7F475D879B4}.Release|Any CPU.Build.0 = Release|Any CPU
		{5A587DAC-D3D2-48A6-BDCD-9FD868153975}.Debug|Any CPU.ActiveCfg = Debug|Any CPU
		{5A587DAC-D3D2-48A6-BDCD-9FD868153975}.Debug|Any CPU.Build.0 = Debug|Any CPU
		{5A587DAC-D3D2-48A6-BDCD-9FD868153975}.Release|Any CPU.ActiveCfg = Release|Any CPU
		{5A587DAC-D3D2-48A6-BDCD-9FD868153975}.Release|Any CPU.Build.0 = Release|Any CPU
		{B767501C-9D1F-412C-9588-42E28B5A4C1E}.Debug|Any CPU.ActiveCfg = Debug|Any CPU
		{B767501C-9D1F-412C-9588-42E28B5A4C1E}.Debug|Any CPU.Build.0 = Debug|Any CPU
		{B767501C-9D1F-412C-9588-42E28B5A4C1E}.Release|Any CPU.ActiveCfg = Release|Any CPU
		{B767501C-9D1F-412C-9588-42E28B5A4C1E}.Release|Any CPU.Build.0 = Release|Any CPU
		{226BC248-D678-4135-AC75-F605CF254B40}.Debug|Any CPU.ActiveCfg = Debug|Any CPU
		{226BC248-D678-4135-AC75-F605CF254B40}.Debug|Any CPU.Build.0 = Debug|Any CPU
		{226BC248-D678-4135-AC75-F605CF254B40}.Release|Any CPU.ActiveCfg = Release|Any CPU
		{226BC248-D678-4135-AC75-F605CF254B40}.Release|Any CPU.Build.0 = Release|Any CPU
		{0DF157E4-893B-4BAA-A294-CAFE16205E2E}.Debug|Any CPU.ActiveCfg = Debug|Any CPU
		{0DF157E4-893B-4BAA-A294-CAFE16205E2E}.Debug|Any CPU.Build.0 = Debug|Any CPU
		{0DF157E4-893B-4BAA-A294-CAFE16205E2E}.Release|Any CPU.ActiveCfg = Release|Any CPU
		{0DF157E4-893B-4BAA-A294-CAFE16205E2E}.Release|Any CPU.Build.0 = Release|Any CPU
	EndGlobalSection
	GlobalSection(SolutionProperties) = preSolution
		HideSolutionNode = FALSE
	EndGlobalSection
	GlobalSection(NestedProjects) = preSolution
		{34C0FACD-F3D9-400C-8945-554DD6B0819A} = {6ED356A7-8B47-4613-AD01-C85CF28491BD}
		{22454EE9-16B3-4B7A-8352-37E59B858155} = {6ED356A7-8B47-4613-AD01-C85CF28491BD}
		{24BF57AE-47C4-4065-BAB0-72ACB562D22E} = {5F44F0AC-5482-4A73-9CAE-6A550E23B510}
		{6CA46D93-8544-4C3D-B07F-85A191CB4E59} = {6ED356A7-8B47-4613-AD01-C85CF28491BD}
		{32C6E297-22F7-4443-8F30-2CF090640344} = {5F44F0AC-5482-4A73-9CAE-6A550E23B510}
		{548C11BC-E75C-4357-B405-1022A9C20AE9} = {6ED356A7-8B47-4613-AD01-C85CF28491BD}
		{5685B6FB-F15A-48C8-BACE-9804745B3527} = {6ED356A7-8B47-4613-AD01-C85CF28491BD}
		{B8BB2179-7875-4395-B7D7-E7F475D879B4} = {6ED356A7-8B47-4613-AD01-C85CF28491BD}
		{5A587DAC-D3D2-48A6-BDCD-9FD868153975} = {6ED356A7-8B47-4613-AD01-C85CF28491BD}
		{B767501C-9D1F-412C-9588-42E28B5A4C1E} = {6ED356A7-8B47-4613-AD01-C85CF28491BD}
		{226BC248-D678-4135-AC75-F605CF254B40} = {6ED356A7-8B47-4613-AD01-C85CF28491BD}
		{0DF157E4-893B-4BAA-A294-CAFE16205E2E} = {5F44F0AC-5482-4A73-9CAE-6A550E23B510}
	EndGlobalSection
	GlobalSection(ExtensibilityGlobals) = postSolution
		SolutionGuid = {3CB609D9-5D54-4C11-A371-DAAC8B74E430}
	EndGlobalSection
EndGlobal
